// !$*UTF8*$!
{
	archiveVersion = 1;
	classes = {
	};
	objectVersion = 55;
	objects = {

/* Begin PBXBuildFile section */
		DA37E618097E3D5AC39A34E0 /* Pods_StickyHeaderPageView.framework in Frameworks */ = {isa = PBXBuildFile; fileRef = F1BF4A3EEAE311734932F700 /* Pods_StickyHeaderPageView.framework */; };
		EBF2D352286B1B3500468551 /* AppDelegate.swift in Sources */ = {isa = PBXBuildFile; fileRef = EBF2D351286B1B3500468551 /* AppDelegate.swift */; };
		EBF2D354286B1B3500468551 /* SceneDelegate.swift in Sources */ = {isa = PBXBuildFile; fileRef = EBF2D353286B1B3500468551 /* SceneDelegate.swift */; };
		EBF2D356286B1B3500468551 /* ViewController.swift in Sources */ = {isa = PBXBuildFile; fileRef = EBF2D355286B1B3500468551 /* ViewController.swift */; };
		EBF2D359286B1B3500468551 /* Main.storyboard in Resources */ = {isa = PBXBuildFile; fileRef = EBF2D357286B1B3500468551 /* Main.storyboard */; };
		EBF2D35B286B1B3800468551 /* Assets.xcassets in Resources */ = {isa = PBXBuildFile; fileRef = EBF2D35A286B1B3800468551 /* Assets.xcassets */; };
		EBF2D35E286B1B3800468551 /* LaunchScreen.storyboard in Resources */ = {isa = PBXBuildFile; fileRef = EBF2D35C286B1B3800468551 /* LaunchScreen.storyboard */; };
		EBF2D369286D918C00468551 /* PagedView.swift in Sources */ = {isa = PBXBuildFile; fileRef = EBF2D368286D918C00468551 /* PagedView.swift */; };
		EBF2D36B286D967300468551 /* TabbedView.swift in Sources */ = {isa = PBXBuildFile; fileRef = EBF2D36A286D967300468551 /* TabbedView.swift */; };
/* End PBXBuildFile section */

/* Begin PBXFileReference section */
		0E719338E8C808EECDA7E71E /* Pods-StickyHeaderPageView.release.xcconfig */ = {isa = PBXFileReference; includeInIndex = 1; lastKnownFileType = text.xcconfig; name = "Pods-StickyHeaderPageView.release.xcconfig"; path = "Target Support Files/Pods-StickyHeaderPageView/Pods-StickyHeaderPageView.release.xcconfig"; sourceTree = "<group>"; };
		53AC0C5EFDAF90EDD0E5BED9 /* Pods-StickyHeaderPageView.debug.xcconfig */ = {isa = PBXFileReference; includeInIndex = 1; lastKnownFileType = text.xcconfig; name = "Pods-StickyHeaderPageView.debug.xcconfig"; path = "Target Support Files/Pods-StickyHeaderPageView/Pods-StickyHeaderPageView.debug.xcconfig"; sourceTree = "<group>"; };
		EBF2D34E286B1B3500468551 /* StickyHeaderPageView.app */ = {isa = PBXFileReference; explicitFileType = wrapper.application; includeInIndex = 0; path = StickyHeaderPageView.app; sourceTree = BUILT_PRODUCTS_DIR; };
		EBF2D351286B1B3500468551 /* AppDelegate.swift */ = {isa = PBXFileReference; lastKnownFileType = sourcecode.swift; path = AppDelegate.swift; sourceTree = "<group>"; };
		EBF2D353286B1B3500468551 /* SceneDelegate.swift */ = {isa = PBXFileReference; lastKnownFileType = sourcecode.swift; path = SceneDelegate.swift; sourceTree = "<group>"; };
		EBF2D355286B1B3500468551 /* ViewController.swift */ = {isa = PBXFileReference; lastKnownFileType = sourcecode.swift; path = ViewController.swift; sourceTree = "<group>"; };
		EBF2D358286B1B3500468551 /* Base */ = {isa = PBXFileReference; lastKnownFileType = file.storyboard; name = Base; path = Base.lproj/Main.storyboard; sourceTree = "<group>"; };
		EBF2D35A286B1B3800468551 /* Assets.xcassets */ = {isa = PBXFileReference; lastKnownFileType = folder.assetcatalog; path = Assets.xcassets; sourceTree = "<group>"; };
		EBF2D35D286B1B3800468551 /* Base */ = {isa = PBXFileReference; lastKnownFileType = file.storyboard; name = Base; path = Base.lproj/LaunchScreen.storyboard; sourceTree = "<group>"; };
		EBF2D35F286B1B3800468551 /* Info.plist */ = {isa = PBXFileReference; lastKnownFileType = text.plist.xml; path = Info.plist; sourceTree = "<group>"; };
		EBF2D368286D918C00468551 /* PagedView.swift */ = {isa = PBXFileReference; lastKnownFileType = sourcecode.swift; path = PagedView.swift; sourceTree = "<group>"; };
		EBF2D36A286D967300468551 /* TabbedView.swift */ = {isa = PBXFileReference; lastKnownFileType = sourcecode.swift; path = TabbedView.swift; sourceTree = "<group>"; };
		F1BF4A3EEAE311734932F700 /* Pods_StickyHeaderPageView.framework */ = {isa = PBXFileReference; explicitFileType = wrapper.framework; includeInIndex = 0; path = Pods_StickyHeaderPageView.framework; sourceTree = BUILT_PRODUCTS_DIR; };
/* End PBXFileReference section */

/* Begin PBXFrameworksBuildPhase section */
		EBF2D34B286B1B3500468551 /* Frameworks */ = {
			isa = PBXFrameworksBuildPhase;
			buildActionMask = 2147483647;
			files = (
				DA37E618097E3D5AC39A34E0 /* Pods_StickyHeaderPageView.framework in Frameworks */,
			);
			runOnlyForDeploymentPostprocessing = 0;
		};
/* End PBXFrameworksBuildPhase section */

/* Begin PBXGroup section */
		59CC94C0B1CEE61CE49BF59A /* Pods */ = {
			isa = PBXGroup;
			children = (
				53AC0C5EFDAF90EDD0E5BED9 /* Pods-StickyHeaderPageView.debug.xcconfig */,
				0E719338E8C808EECDA7E71E /* Pods-StickyHeaderPageView.release.xcconfig */,
			);
			path = Pods;
			sourceTree = "<group>";
		};
		761FEA5482738BDDF10F581E /* Frameworks */ = {
			isa = PBXGroup;
			children = (
				F1BF4A3EEAE311734932F700 /* Pods_StickyHeaderPageView.framework */,
			);
			name = Frameworks;
			sourceTree = "<group>";
		};
		EBF2D345286B1B3500468551 = {
			isa = PBXGroup;
			children = (
				EBF2D365286D913F00468551 /* Commons */,
				EBF2D350286B1B3500468551 /* StickyHeaderPageView */,
				EBF2D34F286B1B3500468551 /* Products */,
				59CC94C0B1CEE61CE49BF59A /* Pods */,
				761FEA5482738BDDF10F581E /* Frameworks */,
			);
			sourceTree = "<group>";
		};
		EBF2D34F286B1B3500468551 /* Products */ = {
			isa = PBXGroup;
			children = (
				EBF2D34E286B1B3500468551 /* StickyHeaderPageView.app */,
			);
			name = Products;
			sourceTree = "<group>";
		};
		EBF2D350286B1B3500468551 /* StickyHeaderPageView */ = {
			isa = PBXGroup;
			children = (
				EBF2D351286B1B3500468551 /* AppDelegate.swift */,
				EBF2D353286B1B3500468551 /* SceneDelegate.swift */,
				EBF2D355286B1B3500468551 /* ViewController.swift */,
				EBF2D357286B1B3500468551 /* Main.storyboard */,
				EBF2D35A286B1B3800468551 /* Assets.xcassets */,
				EBF2D35C286B1B3800468551 /* LaunchScreen.storyboard */,
				EBF2D35F286B1B3800468551 /* Info.plist */,
			);
			path = StickyHeaderPageView;
			sourceTree = "<group>";
		};
		EBF2D365286D913F00468551 /* Commons */ = {
			isa = PBXGroup;
			children = (
				EBF2D366286D914900468551 /* Components */,
			);
			path = Commons;
			sourceTree = "<group>";
		};
		EBF2D366286D914900468551 /* Components */ = {
			isa = PBXGroup;
			children = (
				EBF2D367286D915D00468551 /* ViewPager */,
			);
			path = Components;
			sourceTree = "<group>";
		};
		EBF2D367286D915D00468551 /* ViewPager */ = {
			isa = PBXGroup;
			children = (
				EBF2D368286D918C00468551 /* PagedView.swift */,
				EBF2D36A286D967300468551 /* TabbedView.swift */,
			);
			path = ViewPager;
			sourceTree = "<group>";
		};
/* End PBXGroup section */

/* Begin PBXNativeTarget section */
		EBF2D34D286B1B3500468551 /* StickyHeaderPageView */ = {
			isa = PBXNativeTarget;
			buildConfigurationList = EBF2D362286B1B3800468551 /* Build configuration list for PBXNativeTarget "StickyHeaderPageView" */;
			buildPhases = (
				262903FDDF7DAA1D84686467 /* [CP] Check Pods Manifest.lock */,
				EBF2D34A286B1B3500468551 /* Sources */,
				EBF2D34B286B1B3500468551 /* Frameworks */,
				EBF2D34C286B1B3500468551 /* Resources */,
				05D32EFF15DB6F1E80D293AE /* [CP] Embed Pods Frameworks */,
			);
			buildRules = (
			);
			dependencies = (
			);
			name = StickyHeaderPageView;
			productName = StickyHeaderPageView;
			productReference = EBF2D34E286B1B3500468551 /* StickyHeaderPageView.app */;
			productType = "com.apple.product-type.application";
		};
/* End PBXNativeTarget section */

/* Begin PBXProject section */
		EBF2D346286B1B3500468551 /* Project object */ = {
			isa = PBXProject;
			attributes = {
				BuildIndependentTargetsInParallel = 1;
				LastSwiftUpdateCheck = 1340;
				LastUpgradeCheck = 1340;
				TargetAttributes = {
					EBF2D34D286B1B3500468551 = {
						CreatedOnToolsVersion = 13.4.1;
					};
				};
			};
			buildConfigurationList = EBF2D349286B1B3500468551 /* Build configuration list for PBXProject "StickyHeaderPageView" */;
			compatibilityVersion = "Xcode 13.0";
			developmentRegion = en;
			hasScannedForEncodings = 0;
			knownRegions = (
				en,
				Base,
			);
			mainGroup = EBF2D345286B1B3500468551;
			productRefGroup = EBF2D34F286B1B3500468551 /* Products */;
			projectDirPath = "";
			projectRoot = "";
			targets = (
				EBF2D34D286B1B3500468551 /* StickyHeaderPageView */,
			);
		};
/* End PBXProject section */

/* Begin PBXResourcesBuildPhase section */
		EBF2D34C286B1B3500468551 /* Resources */ = {
			isa = PBXResourcesBuildPhase;
			buildActionMask = 2147483647;
			files = (
				EBF2D35E286B1B3800468551 /* LaunchScreen.storyboard in Resources */,
				EBF2D35B286B1B3800468551 /* Assets.xcassets in Resources */,
				EBF2D359286B1B3500468551 /* Main.storyboard in Resources */,
			);
			runOnlyForDeploymentPostprocessing = 0;
		};
/* End PBXResourcesBuildPhase section */

/* Begin PBXShellScriptBuildPhase section */
		05D32EFF15DB6F1E80D293AE /* [CP] Embed Pods Frameworks */ = {
			isa = PBXShellScriptBuildPhase;
			buildActionMask = 2147483647;
			files = (
			);
			inputFileListPaths = (
				"${PODS_ROOT}/Target Support Files/Pods-StickyHeaderPageView/Pods-StickyHeaderPageView-frameworks-${CONFIGURATION}-input-files.xcfilelist",
			);
			name = "[CP] Embed Pods Frameworks";
			outputFileListPaths = (
				"${PODS_ROOT}/Target Support Files/Pods-StickyHeaderPageView/Pods-StickyHeaderPageView-frameworks-${CONFIGURATION}-output-files.xcfilelist",
			);
			runOnlyForDeploymentPostprocessing = 0;
			shellPath = /bin/sh;
			shellScript = "\"${PODS_ROOT}/Target Support Files/Pods-StickyHeaderPageView/Pods-StickyHeaderPageView-frameworks.sh\"\n";
			showEnvVarsInLog = 0;
		};
		262903FDDF7DAA1D84686467 /* [CP] Check Pods Manifest.lock */ = {
			isa = PBXShellScriptBuildPhase;
			buildActionMask = 2147483647;
			files = (
			);
			inputFileListPaths = (
			);
			inputPaths = (
				"${PODS_PODFILE_DIR_PATH}/Podfile.lock",
				"${PODS_ROOT}/Manifest.lock",
			);
			name = "[CP] Check Pods Manifest.lock";
			outputFileListPaths = (
			);
			outputPaths = (
				"$(DERIVED_FILE_DIR)/Pods-StickyHeaderPageView-checkManifestLockResult.txt",
			);
			runOnlyForDeploymentPostprocessing = 0;
			shellPath = /bin/sh;
			shellScript = "diff \"${PODS_PODFILE_DIR_PATH}/Podfile.lock\" \"${PODS_ROOT}/Manifest.lock\" > /dev/null\nif [ $? != 0 ] ; then\n    # print error to STDERR\n    echo \"error: The sandbox is not in sync with the Podfile.lock. Run 'pod install' or update your CocoaPods installation.\" >&2\n    exit 1\nfi\n# This output is used by Xcode 'outputs' to avoid re-running this script phase.\necho \"SUCCESS\" > \"${SCRIPT_OUTPUT_FILE_0}\"\n";
			showEnvVarsInLog = 0;
		};
/* End PBXShellScriptBuildPhase section */

/* Begin PBXSourcesBuildPhase section */
		EBF2D34A286B1B3500468551 /* Sources */ = {
			isa = PBXSourcesBuildPhase;
			buildActionMask = 2147483647;
			files = (
				EBF2D356286B1B3500468551 /* ViewController.swift in Sources */,
				EBF2D36B286D967300468551 /* TabbedView.swift in Sources */,
				EBF2D352286B1B3500468551 /* AppDelegate.swift in Sources */,
				EBF2D369286D918C00468551 /* PagedView.swift in Sources */,
				EBF2D354286B1B3500468551 /* SceneDelegate.swift in Sources */,
			);
			runOnlyForDeploymentPostprocessing = 0;
		};
/* End PBXSourcesBuildPhase section */

/* Begin PBXVariantGroup section */
		EBF2D357286B1B3500468551 /* Main.storyboard */ = {
			isa = PBXVariantGroup;
			children = (
				EBF2D358286B1B3500468551 /* Base */,
			);
			name = Main.storyboard;
			sourceTree = "<group>";
		};
		EBF2D35C286B1B3800468551 /* LaunchScreen.storyboard */ = {
			isa = PBXVariantGroup;
			children = (
				EBF2D35D286B1B3800468551 /* Base */,
			);
			name = LaunchScreen.storyboard;
			sourceTree = "<group>";
		};
/* End PBXVariantGroup section */

/* Begin XCBuildConfiguration section */
		EBF2D360286B1B3800468551 /* Debug */ = {
			isa = XCBuildConfiguration;
			buildSettings = {
				ALWAYS_SEARCH_USER_PATHS = NO;
				CLANG_ANALYZER_NONNULL = YES;
				CLANG_ANALYZER_NUMBER_OBJECT_CONVERSION = YES_AGGRESSIVE;
				CLANG_CXX_LANGUAGE_STANDARD = "gnu++17";
				CLANG_ENABLE_MODULES = YES;
				CLANG_ENABLE_OBJC_ARC = YES;
				CLANG_ENABLE_OBJC_WEAK = YES;
				CLANG_WARN_BLOCK_CAPTURE_AUTORELEASING = YES;
				CLANG_WARN_BOOL_CONVERSION = YES;
				CLANG_WARN_COMMA = YES;
				CLANG_WARN_CONSTANT_CONVERSION = YES;
				CLANG_WARN_DEPRECATED_OBJC_IMPLEMENTATIONS = YES;
				CLANG_WARN_DIRECT_OBJC_ISA_USAGE = YES_ERROR;
				CLANG_WARN_DOCUMENTATION_COMMENTS = YES;
				CLANG_WARN_EMPTY_BODY = YES;
				CLANG_WARN_ENUM_CONVERSION = YES;
				CLANG_WARN_INFINITE_RECURSION = YES;
				CLANG_WARN_INT_CONVERSION = YES;
				CLANG_WARN_NON_LITERAL_NULL_CONVERSION = YES;
				CLANG_WARN_OBJC_IMPLICIT_RETAIN_SELF = YES;
				CLANG_WARN_OBJC_LITERAL_CONVERSION = YES;
				CLANG_WARN_OBJC_ROOT_CLASS = YES_ERROR;
				CLANG_WARN_QUOTED_INCLUDE_IN_FRAMEWORK_HEADER = YES;
				CLANG_WARN_RANGE_LOOP_ANALYSIS = YES;
				CLANG_WARN_STRICT_PROTOTYPES = YES;
				CLANG_WARN_SUSPICIOUS_MOVE = YES;
				CLANG_WARN_UNGUARDED_AVAILABILITY = YES_AGGRESSIVE;
				CLANG_WARN_UNREACHABLE_CODE = YES;
				CLANG_WARN__DUPLICATE_METHOD_MATCH = YES;
				COPY_PHASE_STRIP = NO;
				DEBUG_INFORMATION_FORMAT = dwarf;
				ENABLE_STRICT_OBJC_MSGSEND = YES;
				ENABLE_TESTABILITY = YES;
				GCC_C_LANGUAGE_STANDARD = gnu11;
				GCC_DYNAMIC_NO_PIC = NO;
				GCC_NO_COMMON_BLOCKS = YES;
				GCC_OPTIMIZATION_LEVEL = 0;
				GCC_PREPROCESSOR_DEFINITIONS = (
					"DEBUG=1",
					"$(inherited)",
				);
				GCC_WARN_64_TO_32_BIT_CONVERSION = YES;
				GCC_WARN_ABOUT_RETURN_TYPE = YES_ERROR;
				GCC_WARN_UNDECLARED_SELECTOR = YES;
				GCC_WARN_UNINITIALIZED_AUTOS = YES_AGGRESSIVE;
				GCC_WARN_UNUSED_FUNCTION = YES;
				GCC_WARN_UNUSED_VARIABLE = YES;
				IPHONEOS_DEPLOYMENT_TARGET = 15.5;
				MTL_ENABLE_DEBUG_INFO = INCLUDE_SOURCE;
				MTL_FAST_MATH = YES;
				ONLY_ACTIVE_ARCH = YES;
				SDKROOT = iphoneos;
				SWIFT_ACTIVE_COMPILATION_CONDITIONS = DEBUG;
				SWIFT_OPTIMIZATION_LEVEL = "-Onone";
			};
			name = Debug;
		};
		EBF2D361286B1B3800468551 /* Release */ = {
			isa = XCBuildConfiguration;
			buildSettings = {
				ALWAYS_SEARCH_USER_PATHS = NO;
				CLANG_ANALYZER_NONNULL = YES;
				CLANG_ANALYZER_NUMBER_OBJECT_CONVERSION = YES_AGGRESSIVE;
				CLANG_CXX_LANGUAGE_STANDARD = "gnu++17";
				CLANG_ENABLE_MODULES = YES;
				CLANG_ENABLE_OBJC_ARC = YES;
				CLANG_ENABLE_OBJC_WEAK = YES;
				CLANG_WARN_BLOCK_CAPTURE_AUTORELEASING = YES;
				CLANG_WARN_BOOL_CONVERSION = YES;
				CLANG_WARN_COMMA = YES;
				CLANG_WARN_CONSTANT_CONVERSION = YES;
				CLANG_WARN_DEPRECATED_OBJC_IMPLEMENTATIONS = YES;
				CLANG_WARN_DIRECT_OBJC_ISA_USAGE = YES_ERROR;
				CLANG_WARN_DOCUMENTATION_COMMENTS = YES;
				CLANG_WARN_EMPTY_BODY = YES;
				CLANG_WARN_ENUM_CONVERSION = YES;
				CLANG_WARN_INFINITE_RECURSION = YES;
				CLANG_WARN_INT_CONVERSION = YES;
				CLANG_WARN_NON_LITERAL_NULL_CONVERSION = YES;
				CLANG_WARN_OBJC_IMPLICIT_RETAIN_SELF = YES;
				CLANG_WARN_OBJC_LITERAL_CONVERSION = YES;
				CLANG_WARN_OBJC_ROOT_CLASS = YES_ERROR;
				CLANG_WARN_QUOTED_INCLUDE_IN_FRAMEWORK_HEADER = YES;
				CLANG_WARN_RANGE_LOOP_ANALYSIS = YES;
				CLANG_WARN_STRICT_PROTOTYPES = YES;
				CLANG_WARN_SUSPICIOUS_MOVE = YES;
				CLANG_WARN_UNGUARDED_AVAILABILITY = YES_AGGRESSIVE;
				CLANG_WARN_UNREACHABLE_CODE = YES;
				CLANG_WARN__DUPLICATE_METHOD_MATCH = YES;
				COPY_PHASE_STRIP = NO;
				DEBUG_INFORMATION_FORMAT = "dwarf-with-dsym";
				ENABLE_NS_ASSERTIONS = NO;
				ENABLE_STRICT_OBJC_MSGSEND = YES;
				GCC_C_LANGUAGE_STANDARD = gnu11;
				GCC_NO_COMMON_BLOCKS = YES;
				GCC_WARN_64_TO_32_BIT_CONVERSION = YES;
				GCC_WARN_ABOUT_RETURN_TYPE = YES_ERROR;
				GCC_WARN_UNDECLARED_SELECTOR = YES;
				GCC_WARN_UNINITIALIZED_AUTOS = YES_AGGRESSIVE;
				GCC_WARN_UNUSED_FUNCTION = YES;
				GCC_WARN_UNUSED_VARIABLE = YES;
				IPHONEOS_DEPLOYMENT_TARGET = 15.5;
				MTL_ENABLE_DEBUG_INFO = NO;
				MTL_FAST_MATH = YES;
				SDKROOT = iphoneos;
				SWIFT_COMPILATION_MODE = wholemodule;
				SWIFT_OPTIMIZATION_LEVEL = "-O";
				VALIDATE_PRODUCT = YES;
			};
			name = Release;
		};
		EBF2D363286B1B3800468551 /* Debug */ = {
			isa = XCBuildConfiguration;
			baseConfigurationReference = 53AC0C5EFDAF90EDD0E5BED9 /* Pods-StickyHeaderPageView.debug.xcconfig */;
			buildSettings = {
				ASSETCATALOG_COMPILER_APPICON_NAME = AppIcon;
				ASSETCATALOG_COMPILER_GLOBAL_ACCENT_COLOR_NAME = AccentColor;
				CODE_SIGN_STYLE = Automatic;
				CURRENT_PROJECT_VERSION = 1;
				DEVELOPMENT_TEAM = FY8N9XTH66;
				GENERATE_INFOPLIST_FILE = YES;
				INFOPLIST_FILE = StickyHeaderPageView/Info.plist;
				INFOPLIST_KEY_UIApplicationSupportsIndirectInputEvents = YES;
				INFOPLIST_KEY_UILaunchStoryboardName = LaunchScreen;
				INFOPLIST_KEY_UIMainStoryboardFile = Main;
				INFOPLIST_KEY_UISupportedInterfaceOrientations_iPad = "UIInterfaceOrientationPortrait UIInterfaceOrientationPortraitUpsideDown UIInterfaceOrientationLandscapeLeft UIInterfaceOrientationLandscapeRight";
				INFOPLIST_KEY_UISupportedInterfaceOrientations_iPhone = "UIInterfaceOrientationPortrait UIInterfaceOrientationLandscapeLeft UIInterfaceOrientationLandscapeRight";
				LD_RUNPATH_SEARCH_PATHS = (
					"$(inherited)",
					"@executable_path/Frameworks",
				);
				MARKETING_VERSION = 1.0;
				PRODUCT_BUNDLE_IDENTIFIER = com.seolagir.StickyHeaderPageView;
				PRODUCT_NAME = "$(TARGET_NAME)";
				SWIFT_EMIT_LOC_STRINGS = YES;
				SWIFT_VERSION = 5.0;
				TARGETED_DEVICE_FAMILY = "1,2";
			};
			name = Debug;
		};
		EBF2D364286B1B3800468551 /* Release */ = {
			isa = XCBuildConfiguration;
			baseConfigurationReference = 0E719338E8C808EECDA7E71E /* Pods-StickyHeaderPageView.release.xcconfig */;
			buildSettings = {
				ASSETCATALOG_COMPILER_APPICON_NAME = AppIcon;
				ASSETCATALOG_COMPILER_GLOBAL_ACCENT_COLOR_NAME = AccentColor;
				CODE_SIGN_STYLE = Automatic;
				CURRENT_PROJECT_VERSION = 1;
				DEVELOPMENT_TEAM = FY8N9XTH66;
				GENERATE_INFOPLIST_FILE = YES;
				INFOPLIST_FILE = StickyHeaderPageView/Info.plist;
				INFOPLIST_KEY_UIApplicationSupportsIndirectInputEvents = YES;
				INFOPLIST_KEY_UILaunchStoryboardName = LaunchScreen;
				INFOPLIST_KEY_UIMainStoryboardFile = Main;
				INFOPLIST_KEY_UISupportedInterfaceOrientations_iPad = "UIInterfaceOrientationPortrait UIInterfaceOrientationPortraitUpsideDown UIInterfaceOrientationLandscapeLeft UIInterfaceOrientationLandscapeRight";
				INFOPLIST_KEY_UISupportedInterfaceOrientations_iPhone = "UIInterfaceOrientationPortrait UIInterfaceOrientationLandscapeLeft UIInterfaceOrientationLandscapeRight";
				LD_RUNPATH_SEARCH_PATHS = (
					"$(inherited)",
					"@executable_path/Frameworks",
				);
				MARKETING_VERSION = 1.0;
				PRODUCT_BUNDLE_IDENTIFIER = com.seolagir.StickyHeaderPageView;
				PRODUCT_NAME = "$(TARGET_NAME)";
				SWIFT_EMIT_LOC_STRINGS = YES;
				SWIFT_VERSION = 5.0;
				TARGETED_DEVICE_FAMILY = "1,2";
			};
			name = Release;
		};
/* End XCBuildConfiguration section */

/* Begin XCConfigurationList section */
		EBF2D349286B1B3500468551 /* Build configuration list for PBXProject "StickyHeaderPageView" */ = {
			isa = XCConfigurationList;
			buildConfigurations = (
				EBF2D360286B1B3800468551 /* Debug */,
				EBF2D361286B1B3800468551 /* Release */,
			);
			defaultConfigurationIsVisible = 0;
			defaultConfigurationName = Release;
		};
		EBF2D362286B1B3800468551 /* Build configuration list for PBXNativeTarget "StickyHeaderPageView" */ = {
			isa = XCConfigurationList;
			buildConfigurations = (
				EBF2D363286B1B3800468551 /* Debug */,
				EBF2D364286B1B3800468551 /* Release */,
			);
			defaultConfigurationIsVisible = 0;
			defaultConfigurationName = Release;
		};
/* End XCConfigurationList section */
	};
	rootObject = EBF2D346286B1B3500468551 /* Project object */;
}
