// !$*UTF8*$!
{
	archiveVersion = 1;
	classes = {
	};
	objectVersion = 56;
	objects = {

/* Begin PBXBuildFile section */
		EBEC22F128DE2F050011595A /* BasicCoordinator.docc in Sources */ = {isa = PBXBuildFile; fileRef = EBEC22F028DE2F050011595A /* BasicCoordinator.docc */; };
		EBEC22F228DE2F050011595A /* BasicCoordinator.h in Headers */ = {isa = PBXBuildFile; fileRef = EBEC22EF28DE2F050011595A /* BasicCoordinator.h */; settings = {ATTRIBUTES = (Public, ); }; };
		EBFC658428DE36E1005EA393 /* Coordinator.swift in Sources */ = {isa = PBXBuildFile; fileRef = EBFC658328DE36E1005EA393 /* Coordinator.swift */; };
		EBFC65A528DE3AA1005EA393 /* AppCoordinator.swift in Sources */ = {isa = PBXBuildFile; fileRef = EBFC659F28DE3A08005EA393 /* AppCoordinator.swift */; };
		EBFC65A628DE3ABC005EA393 /* TabBarCoordinator.swift in Sources */ = {isa = PBXBuildFile; fileRef = EBFC65A128DE3A08005EA393 /* TabBarCoordinator.swift */; };
		EBFC65A728DE3ABC005EA393 /* TopRatedViewController.swift in Sources */ = {isa = PBXBuildFile; fileRef = EBFC65A228DE3A08005EA393 /* TopRatedViewController.swift */; };
		EBFC65A828DE3ABC005EA393 /* TopRatedDetailViewController.swift in Sources */ = {isa = PBXBuildFile; fileRef = EBFC65A328DE3A08005EA393 /* TopRatedDetailViewController.swift */; };
		EBFC65A928DE3ABC005EA393 /* StartCoordinator.swift in Sources */ = {isa = PBXBuildFile; fileRef = EBFC65A028DE3A08005EA393 /* StartCoordinator.swift */; };
		EBFC65AA28DE3AC3005EA393 /* StartViewController.swift in Sources */ = {isa = PBXBuildFile; fileRef = EBFC659A28DE3A03005EA393 /* StartViewController.swift */; };
		EBFC65AB28DE3AC3005EA393 /* TabBarController.swift in Sources */ = {isa = PBXBuildFile; fileRef = EBFC659B28DE3A03005EA393 /* TabBarController.swift */; };
		EBFC65AC28DE3AC3005EA393 /* TopRatedCoordinator.swift in Sources */ = {isa = PBXBuildFile; fileRef = EBFC659C28DE3A03005EA393 /* TopRatedCoordinator.swift */; };
		EBFC65AD28DE3AC3005EA393 /* TopRatedDetailCoordinator.swift in Sources */ = {isa = PBXBuildFile; fileRef = EBFC659D28DE3A03005EA393 /* TopRatedDetailCoordinator.swift */; };
/* End PBXBuildFile section */

/* Begin PBXFileReference section */
		EBEC22EC28DE2F050011595A /* BasicCoordinator.framework */ = {isa = PBXFileReference; explicitFileType = wrapper.framework; includeInIndex = 0; path = BasicCoordinator.framework; sourceTree = BUILT_PRODUCTS_DIR; };
		EBEC22EF28DE2F050011595A /* BasicCoordinator.h */ = {isa = PBXFileReference; lastKnownFileType = sourcecode.c.h; path = BasicCoordinator.h; sourceTree = "<group>"; };
		EBEC22F028DE2F050011595A /* BasicCoordinator.docc */ = {isa = PBXFileReference; lastKnownFileType = folder.documentationcatalog; path = BasicCoordinator.docc; sourceTree = "<group>"; };
		EBFC658328DE36E1005EA393 /* Coordinator.swift */ = {isa = PBXFileReference; lastKnownFileType = sourcecode.swift; path = Coordinator.swift; sourceTree = "<group>"; };
		EBFC659A28DE3A03005EA393 /* StartViewController.swift */ = {isa = PBXFileReference; lastKnownFileType = sourcecode.swift; path = StartViewController.swift; sourceTree = "<group>"; };
		EBFC659B28DE3A03005EA393 /* TabBarController.swift */ = {isa = PBXFileReference; lastKnownFileType = sourcecode.swift; path = TabBarController.swift; sourceTree = "<group>"; };
		EBFC659C28DE3A03005EA393 /* TopRatedCoordinator.swift */ = {isa = PBXFileReference; lastKnownFileType = sourcecode.swift; path = TopRatedCoordinator.swift; sourceTree = "<group>"; };
		EBFC659D28DE3A03005EA393 /* TopRatedDetailCoordinator.swift */ = {isa = PBXFileReference; lastKnownFileType = sourcecode.swift; path = TopRatedDetailCoordinator.swift; sourceTree = "<group>"; };
		EBFC659F28DE3A08005EA393 /* AppCoordinator.swift */ = {isa = PBXFileReference; lastKnownFileType = sourcecode.swift; path = AppCoordinator.swift; sourceTree = "<group>"; };
		EBFC65A028DE3A08005EA393 /* StartCoordinator.swift */ = {isa = PBXFileReference; lastKnownFileType = sourcecode.swift; path = StartCoordinator.swift; sourceTree = "<group>"; };
		EBFC65A128DE3A08005EA393 /* TabBarCoordinator.swift */ = {isa = PBXFileReference; lastKnownFileType = sourcecode.swift; path = TabBarCoordinator.swift; sourceTree = "<group>"; };
		EBFC65A228DE3A08005EA393 /* TopRatedViewController.swift */ = {isa = PBXFileReference; lastKnownFileType = sourcecode.swift; path = TopRatedViewController.swift; sourceTree = "<group>"; };
		EBFC65A328DE3A08005EA393 /* TopRatedDetailViewController.swift */ = {isa = PBXFileReference; lastKnownFileType = sourcecode.swift; path = TopRatedDetailViewController.swift; sourceTree = "<group>"; };
/* End PBXFileReference section */

/* Begin PBXFrameworksBuildPhase section */
		EBEC22E928DE2F050011595A /* Frameworks */ = {
			isa = PBXFrameworksBuildPhase;
			buildActionMask = 2147483647;
			files = (
			);
			runOnlyForDeploymentPostprocessing = 0;
		};
/* End PBXFrameworksBuildPhase section */

/* Begin PBXGroup section */
		EBEC22E228DE2F050011595A = {
			isa = PBXGroup;
			children = (
				EBEC22EE28DE2F050011595A /* BasicCoordinator */,
				EBEC22ED28DE2F050011595A /* Products */,
			);
			sourceTree = "<group>";
		};
		EBEC22ED28DE2F050011595A /* Products */ = {
			isa = PBXGroup;
			children = (
				EBEC22EC28DE2F050011595A /* BasicCoordinator.framework */,
			);
			name = Products;
			sourceTree = "<group>";
		};
		EBEC22EE28DE2F050011595A /* BasicCoordinator */ = {
			isa = PBXGroup;
			children = (
				EBEC22EF28DE2F050011595A /* BasicCoordinator.h */,
				EBFC658628DE370F005EA393 /* Sources */,
				EBEC22F028DE2F050011595A /* BasicCoordinator.docc */,
			);
			path = BasicCoordinator;
			sourceTree = "<group>";
		};
		EBFC658628DE370F005EA393 /* Sources */ = {
			isa = PBXGroup;
			children = (
				EBFC65A428DE3A08005EA393 /* BasicCoordinator */,
				EBFC659E28DE3A03005EA393 /* BasicPresentation */,
				EBFC658328DE36E1005EA393 /* Coordinator.swift */,
			);
			path = Sources;
			sourceTree = "<group>";
		};
		EBFC659E28DE3A03005EA393 /* BasicPresentation */ = {
			isa = PBXGroup;
			children = (
				EBFC659A28DE3A03005EA393 /* StartViewController.swift */,
				EBFC659B28DE3A03005EA393 /* TabBarController.swift */,
				EBFC65A228DE3A08005EA393 /* TopRatedViewController.swift */,
				EBFC65A328DE3A08005EA393 /* TopRatedDetailViewController.swift */,
			);
			path = BasicPresentation;
			sourceTree = "<group>";
		};
		EBFC65A428DE3A08005EA393 /* BasicCoordinator */ = {
			isa = PBXGroup;
			children = (
				EBFC659F28DE3A08005EA393 /* AppCoordinator.swift */,
				EBFC65A028DE3A08005EA393 /* StartCoordinator.swift */,
				EBFC65A128DE3A08005EA393 /* TabBarCoordinator.swift */,
				EBFC659C28DE3A03005EA393 /* TopRatedCoordinator.swift */,
				EBFC659D28DE3A03005EA393 /* TopRatedDetailCoordinator.swift */,
			);
			path = BasicCoordinator;
			sourceTree = "<group>";
		};
/* End PBXGroup section */

/* Begin PBXHeadersBuildPhase section */
		EBEC22E728DE2F050011595A /* Headers */ = {
			isa = PBXHeadersBuildPhase;
			buildActionMask = 2147483647;
			files = (
				EBEC22F228DE2F050011595A /* BasicCoordinator.h in Headers */,
			);
			runOnlyForDeploymentPostprocessing = 0;
		};
/* End PBXHeadersBuildPhase section */

/* Begin PBXNativeTarget section */
		EBEC22EB28DE2F050011595A /* BasicCoordinator */ = {
			isa = PBXNativeTarget;
			buildConfigurationList = EBEC22F528DE2F050011595A /* Build configuration list for PBXNativeTarget "BasicCoordinator" */;
			buildPhases = (
				EBEC22E728DE2F050011595A /* Headers */,
				EBEC22E828DE2F050011595A /* Sources */,
				EBEC22E928DE2F050011595A /* Frameworks */,
				EBEC22EA28DE2F050011595A /* Resources */,
			);
			buildRules = (
			);
			dependencies = (
			);
			name = BasicCoordinator;
			productName = BasicCoordinator;
			productReference = EBEC22EC28DE2F050011595A /* BasicCoordinator.framework */;
			productType = "com.apple.product-type.framework";
		};
/* End PBXNativeTarget section */

/* Begin PBXProject section */
		EBEC22E328DE2F050011595A /* Project object */ = {
			isa = PBXProject;
			attributes = {
				BuildIndependentTargetsInParallel = 1;
				LastUpgradeCheck = 1400;
				TargetAttributes = {
					EBEC22EB28DE2F050011595A = {
						CreatedOnToolsVersion = 14.0;
					};
				};
			};
			buildConfigurationList = EBEC22E628DE2F050011595A /* Build configuration list for PBXProject "BasicCoordinator" */;
			compatibilityVersion = "Xcode 14.0";
			developmentRegion = en;
			hasScannedForEncodings = 0;
			knownRegions = (
				en,
				Base,
			);
			mainGroup = EBEC22E228DE2F050011595A;
			productRefGroup = EBEC22ED28DE2F050011595A /* Products */;
			projectDirPath = "";
			projectRoot = "";
			targets = (
				EBEC22EB28DE2F050011595A /* BasicCoordinator */,
			);
		};
/* End PBXProject section */

/* Begin PBXResourcesBuildPhase section */
		EBEC22EA28DE2F050011595A /* Resources */ = {
			isa = PBXResourcesBuildPhase;
			buildActionMask = 2147483647;
			files = (
			);
			runOnlyForDeploymentPostprocessing = 0;
		};
/* End PBXResourcesBuildPhase section */

/* Begin PBXSourcesBuildPhase section */
		EBEC22E828DE2F050011595A /* Sources */ = {
			isa = PBXSourcesBuildPhase;
			buildActionMask = 2147483647;
			files = (
				EBFC65A528DE3AA1005EA393 /* AppCoordinator.swift in Sources */,
				EBFC65AA28DE3AC3005EA393 /* StartViewController.swift in Sources */,
				EBFC658428DE36E1005EA393 /* Coordinator.swift in Sources */,
				EBFC65AC28DE3AC3005EA393 /* TopRatedCoordinator.swift in Sources */,
				EBFC65AB28DE3AC3005EA393 /* TabBarController.swift in Sources */,
				EBFC65A828DE3ABC005EA393 /* TopRatedDetailViewController.swift in Sources */,
				EBFC65A628DE3ABC005EA393 /* TabBarCoordinator.swift in Sources */,
				EBEC22F128DE2F050011595A /* BasicCoordinator.docc in Sources */,
				EBFC65A928DE3ABC005EA393 /* StartCoordinator.swift in Sources */,
				EBFC65AD28DE3AC3005EA393 /* TopRatedDetailCoordinator.swift in Sources */,
				EBFC65A728DE3ABC005EA393 /* TopRatedViewController.swift in Sources */,
			);
			runOnlyForDeploymentPostprocessing = 0;
		};
/* End PBXSourcesBuildPhase section */

/* Begin XCBuildConfiguration section */
		EBEC22F328DE2F050011595A /* Debug */ = {
			isa = XCBuildConfiguration;
			buildSettings = {
				ALWAYS_SEARCH_USER_PATHS = NO;
				CLANG_ANALYZER_NONNULL = YES;
				CLANG_ANALYZER_NUMBER_OBJECT_CONVERSION = YES_AGGRESSIVE;
				CLANG_CXX_LANGUAGE_STANDARD = "gnu++20";
				CLANG_ENABLE_MODULES = YES;
				CLANG_ENABLE_OBJC_ARC = YES;
				CLANG_ENABLE_OBJC_WEAK = YES;
				CLANG_WARN_BLOCK_CAPTURE_AUTORELEASING = YES;
				CLANG_WARN_BOOL_CONVERSION = YES;
				CLANG_WARN_COMMA = YES;
				CLANG_WARN_CONSTANT_CONVERSION = YES;
				CLANG_WARN_DEPRECATED_OBJC_IMPLEMENTATIONS = YES;
				CLANG_WARN_DIRECT_OBJC_ISA_USAGE = YES_ERROR;
				CLANG_WARN_DOCUMENTATION_COMMENTS = YES;
				CLANG_WARN_EMPTY_BODY = YES;
				CLANG_WARN_ENUM_CONVERSION = YES;
				CLANG_WARN_INFINITE_RECURSION = YES;
				CLANG_WARN_INT_CONVERSION = YES;
				CLANG_WARN_NON_LITERAL_NULL_CONVERSION = YES;
				CLANG_WARN_OBJC_IMPLICIT_RETAIN_SELF = YES;
				CLANG_WARN_OBJC_LITERAL_CONVERSION = YES;
				CLANG_WARN_OBJC_ROOT_CLASS = YES_ERROR;
				CLANG_WARN_QUOTED_INCLUDE_IN_FRAMEWORK_HEADER = YES;
				CLANG_WARN_RANGE_LOOP_ANALYSIS = YES;
				CLANG_WARN_STRICT_PROTOTYPES = YES;
				CLANG_WARN_SUSPICIOUS_MOVE = YES;
				CLANG_WARN_UNGUARDED_AVAILABILITY = YES_AGGRESSIVE;
				CLANG_WARN_UNREACHABLE_CODE = YES;
				CLANG_WARN__DUPLICATE_METHOD_MATCH = YES;
				COPY_PHASE_STRIP = NO;
				CURRENT_PROJECT_VERSION = 1;
				DEBUG_INFORMATION_FORMAT = dwarf;
				ENABLE_STRICT_OBJC_MSGSEND = YES;
				ENABLE_TESTABILITY = YES;
				GCC_C_LANGUAGE_STANDARD = gnu11;
				GCC_DYNAMIC_NO_PIC = NO;
				GCC_NO_COMMON_BLOCKS = YES;
				GCC_OPTIMIZATION_LEVEL = 0;
				GCC_PREPROCESSOR_DEFINITIONS = (
					"DEBUG=1",
					"$(inherited)",
				);
				GCC_WARN_64_TO_32_BIT_CONVERSION = YES;
				GCC_WARN_ABOUT_RETURN_TYPE = YES_ERROR;
				GCC_WARN_UNDECLARED_SELECTOR = YES;
				GCC_WARN_UNINITIALIZED_AUTOS = YES_AGGRESSIVE;
				GCC_WARN_UNUSED_FUNCTION = YES;
				GCC_WARN_UNUSED_VARIABLE = YES;
				IPHONEOS_DEPLOYMENT_TARGET = 16.0;
				MTL_ENABLE_DEBUG_INFO = INCLUDE_SOURCE;
				MTL_FAST_MATH = YES;
				ONLY_ACTIVE_ARCH = YES;
				SDKROOT = iphoneos;
				SWIFT_ACTIVE_COMPILATION_CONDITIONS = DEBUG;
				SWIFT_OPTIMIZATION_LEVEL = "-Onone";
				VERSIONING_SYSTEM = "apple-generic";
				VERSION_INFO_PREFIX = "";
			};
			name = Debug;
		};
		EBEC22F428DE2F050011595A /* Release */ = {
			isa = XCBuildConfiguration;
			buildSettings = {
				ALWAYS_SEARCH_USER_PATHS = NO;
				CLANG_ANALYZER_NONNULL = YES;
				CLANG_ANALYZER_NUMBER_OBJECT_CONVERSION = YES_AGGRESSIVE;
				CLANG_CXX_LANGUAGE_STANDARD = "gnu++20";
				CLANG_ENABLE_MODULES = YES;
				CLANG_ENABLE_OBJC_ARC = YES;
				CLANG_ENABLE_OBJC_WEAK = YES;
				CLANG_WARN_BLOCK_CAPTURE_AUTORELEASING = YES;
				CLANG_WARN_BOOL_CONVERSION = YES;
				CLANG_WARN_COMMA = YES;
				CLANG_WARN_CONSTANT_CONVERSION = YES;
				CLANG_WARN_DEPRECATED_OBJC_IMPLEMENTATIONS = YES;
				CLANG_WARN_DIRECT_OBJC_ISA_USAGE = YES_ERROR;
				CLANG_WARN_DOCUMENTATION_COMMENTS = YES;
				CLANG_WARN_EMPTY_BODY = YES;
				CLANG_WARN_ENUM_CONVERSION = YES;
				CLANG_WARN_INFINITE_RECURSION = YES;
				CLANG_WARN_INT_CONVERSION = YES;
				CLANG_WARN_NON_LITERAL_NULL_CONVERSION = YES;
				CLANG_WARN_OBJC_IMPLICIT_RETAIN_SELF = YES;
				CLANG_WARN_OBJC_LITERAL_CONVERSION = YES;
				CLANG_WARN_OBJC_ROOT_CLASS = YES_ERROR;
				CLANG_WARN_QUOTED_INCLUDE_IN_FRAMEWORK_HEADER = YES;
				CLANG_WARN_RANGE_LOOP_ANALYSIS = YES;
				CLANG_WARN_STRICT_PROTOTYPES = YES;
				CLANG_WARN_SUSPICIOUS_MOVE = YES;
				CLANG_WARN_UNGUARDED_AVAILABILITY = YES_AGGRESSIVE;
				CLANG_WARN_UNREACHABLE_CODE = YES;
				CLANG_WARN__DUPLICATE_METHOD_MATCH = YES;
				COPY_PHASE_STRIP = NO;
				CURRENT_PROJECT_VERSION = 1;
				DEBUG_INFORMATION_FORMAT = "dwarf-with-dsym";
				ENABLE_NS_ASSERTIONS = NO;
				ENABLE_STRICT_OBJC_MSGSEND = YES;
				GCC_C_LANGUAGE_STANDARD = gnu11;
				GCC_NO_COMMON_BLOCKS = YES;
				GCC_WARN_64_TO_32_BIT_CONVERSION = YES;
				GCC_WARN_ABOUT_RETURN_TYPE = YES_ERROR;
				GCC_WARN_UNDECLARED_SELECTOR = YES;
				GCC_WARN_UNINITIALIZED_AUTOS = YES_AGGRESSIVE;
				GCC_WARN_UNUSED_FUNCTION = YES;
				GCC_WARN_UNUSED_VARIABLE = YES;
				IPHONEOS_DEPLOYMENT_TARGET = 16.0;
				MTL_ENABLE_DEBUG_INFO = NO;
				MTL_FAST_MATH = YES;
				SDKROOT = iphoneos;
				SWIFT_COMPILATION_MODE = wholemodule;
				SWIFT_OPTIMIZATION_LEVEL = "-O";
				VALIDATE_PRODUCT = YES;
				VERSIONING_SYSTEM = "apple-generic";
				VERSION_INFO_PREFIX = "";
			};
			name = Release;
		};
		EBEC22F628DE2F050011595A /* Debug */ = {
			isa = XCBuildConfiguration;
			buildSettings = {
				CODE_SIGN_STYLE = Automatic;
				CURRENT_PROJECT_VERSION = 1;
				DEFINES_MODULE = YES;
				DEVELOPMENT_TEAM = FY8N9XTH66;
				DYLIB_COMPATIBILITY_VERSION = 1;
				DYLIB_CURRENT_VERSION = 1;
				DYLIB_INSTALL_NAME_BASE = "@rpath";
				GENERATE_INFOPLIST_FILE = YES;
				INFOPLIST_KEY_NSHumanReadableCopyright = "";
				INSTALL_PATH = "$(LOCAL_LIBRARY_DIR)/Frameworks";
				LD_RUNPATH_SEARCH_PATHS = (
					"$(inherited)",
					"@executable_path/Frameworks",
					"@loader_path/Frameworks",
				);
				MARKETING_VERSION = 1.0;
				PRODUCT_BUNDLE_IDENTIFIER = com.seolagir.BasicCoordinator;
				PRODUCT_NAME = "$(TARGET_NAME:c99extidentifier)";
				SKIP_INSTALL = YES;
				SWIFT_EMIT_LOC_STRINGS = YES;
				SWIFT_VERSION = 5.0;
				TARGETED_DEVICE_FAMILY = "1,2";
			};
			name = Debug;
		};
		EBEC22F728DE2F050011595A /* Release */ = {
			isa = XCBuildConfiguration;
			buildSettings = {
				CODE_SIGN_STYLE = Automatic;
				CURRENT_PROJECT_VERSION = 1;
				DEFINES_MODULE = YES;
				DEVELOPMENT_TEAM = FY8N9XTH66;
				DYLIB_COMPATIBILITY_VERSION = 1;
				DYLIB_CURRENT_VERSION = 1;
				DYLIB_INSTALL_NAME_BASE = "@rpath";
				GENERATE_INFOPLIST_FILE = YES;
				INFOPLIST_KEY_NSHumanReadableCopyright = "";
				INSTALL_PATH = "$(LOCAL_LIBRARY_DIR)/Frameworks";
				LD_RUNPATH_SEARCH_PATHS = (
					"$(inherited)",
					"@executable_path/Frameworks",
					"@loader_path/Frameworks",
				);
				MARKETING_VERSION = 1.0;
				PRODUCT_BUNDLE_IDENTIFIER = com.seolagir.BasicCoordinator;
				PRODUCT_NAME = "$(TARGET_NAME:c99extidentifier)";
				SKIP_INSTALL = YES;
				SWIFT_EMIT_LOC_STRINGS = YES;
				SWIFT_VERSION = 5.0;
				TARGETED_DEVICE_FAMILY = "1,2";
			};
			name = Release;
		};
/* End XCBuildConfiguration section */

/* Begin XCConfigurationList section */
		EBEC22E628DE2F050011595A /* Build configuration list for PBXProject "BasicCoordinator" */ = {
			isa = XCConfigurationList;
			buildConfigurations = (
				EBEC22F328DE2F050011595A /* Debug */,
				EBEC22F428DE2F050011595A /* Release */,
			);
			defaultConfigurationIsVisible = 0;
			defaultConfigurationName = Release;
		};
		EBEC22F528DE2F050011595A /* Build configuration list for PBXNativeTarget "BasicCoordinator" */ = {
			isa = XCConfigurationList;
			buildConfigurations = (
				EBEC22F628DE2F050011595A /* Debug */,
				EBEC22F728DE2F050011595A /* Release */,
			);
			defaultConfigurationIsVisible = 0;
			defaultConfigurationName = Release;
		};
/* End XCConfigurationList section */
	};
	rootObject = EBEC22E328DE2F050011595A /* Project object */;
}
