// !$*UTF8*$!
{
	archiveVersion = 1;
	classes = {
	};
	objectVersion = 55;
	objects = {

/* Begin PBXBuildFile section */
		C1132C1548FBB1E22B61F036 /* Pods_Moya_laboratory.framework in Frameworks */ = {isa = PBXBuildFile; fileRef = B70769B0D48F1A6EB68B6A71 /* Pods_Moya_laboratory.framework */; };
		EB5465F72758B9DA00B42FAF /* AppDelegate.swift in Sources */ = {isa = PBXBuildFile; fileRef = EB5465F62758B9DA00B42FAF /* AppDelegate.swift */; };
		EB5465F92758B9DA00B42FAF /* SceneDelegate.swift in Sources */ = {isa = PBXBuildFile; fileRef = EB5465F82758B9DA00B42FAF /* SceneDelegate.swift */; };
		EB5465FB2758B9DA00B42FAF /* ViewController.swift in Sources */ = {isa = PBXBuildFile; fileRef = EB5465FA2758B9DA00B42FAF /* ViewController.swift */; };
		EB5465FE2758B9DA00B42FAF /* Main.storyboard in Resources */ = {isa = PBXBuildFile; fileRef = EB5465FC2758B9DA00B42FAF /* Main.storyboard */; };
		EB5466002758B9DE00B42FAF /* Assets.xcassets in Resources */ = {isa = PBXBuildFile; fileRef = EB5465FF2758B9DE00B42FAF /* Assets.xcassets */; };
		EB5466032758B9DE00B42FAF /* LaunchScreen.storyboard in Resources */ = {isa = PBXBuildFile; fileRef = EB5466012758B9DE00B42FAF /* LaunchScreen.storyboard */; };
/* End PBXBuildFile section */

/* Begin PBXFileReference section */
		32DAF3268281BCF5232BC630 /* Pods-Moya-laboratory.release.xcconfig */ = {isa = PBXFileReference; includeInIndex = 1; lastKnownFileType = text.xcconfig; name = "Pods-Moya-laboratory.release.xcconfig"; path = "Target Support Files/Pods-Moya-laboratory/Pods-Moya-laboratory.release.xcconfig"; sourceTree = "<group>"; };
		333C00E88FF02BF5E9651E93 /* Pods-Moya-laboratory.debug.xcconfig */ = {isa = PBXFileReference; includeInIndex = 1; lastKnownFileType = text.xcconfig; name = "Pods-Moya-laboratory.debug.xcconfig"; path = "Target Support Files/Pods-Moya-laboratory/Pods-Moya-laboratory.debug.xcconfig"; sourceTree = "<group>"; };
		B70769B0D48F1A6EB68B6A71 /* Pods_Moya_laboratory.framework */ = {isa = PBXFileReference; explicitFileType = wrapper.framework; includeInIndex = 0; path = Pods_Moya_laboratory.framework; sourceTree = BUILT_PRODUCTS_DIR; };
		EB5465F32758B9DA00B42FAF /* Moya-laboratory.app */ = {isa = PBXFileReference; explicitFileType = wrapper.application; includeInIndex = 0; path = "Moya-laboratory.app"; sourceTree = BUILT_PRODUCTS_DIR; };
		EB5465F62758B9DA00B42FAF /* AppDelegate.swift */ = {isa = PBXFileReference; lastKnownFileType = sourcecode.swift; path = AppDelegate.swift; sourceTree = "<group>"; };
		EB5465F82758B9DA00B42FAF /* SceneDelegate.swift */ = {isa = PBXFileReference; lastKnownFileType = sourcecode.swift; path = SceneDelegate.swift; sourceTree = "<group>"; };
		EB5465FA2758B9DA00B42FAF /* ViewController.swift */ = {isa = PBXFileReference; lastKnownFileType = sourcecode.swift; path = ViewController.swift; sourceTree = "<group>"; };
		EB5465FD2758B9DA00B42FAF /* Base */ = {isa = PBXFileReference; lastKnownFileType = file.storyboard; name = Base; path = Base.lproj/Main.storyboard; sourceTree = "<group>"; };
		EB5465FF2758B9DE00B42FAF /* Assets.xcassets */ = {isa = PBXFileReference; lastKnownFileType = folder.assetcatalog; path = Assets.xcassets; sourceTree = "<group>"; };
		EB5466022758B9DE00B42FAF /* Base */ = {isa = PBXFileReference; lastKnownFileType = file.storyboard; name = Base; path = Base.lproj/LaunchScreen.storyboard; sourceTree = "<group>"; };
		EB5466042758B9DE00B42FAF /* Info.plist */ = {isa = PBXFileReference; lastKnownFileType = text.plist.xml; path = Info.plist; sourceTree = "<group>"; };
/* End PBXFileReference section */

/* Begin PBXFrameworksBuildPhase section */
		EB5465F02758B9DA00B42FAF /* Frameworks */ = {
			isa = PBXFrameworksBuildPhase;
			buildActionMask = 2147483647;
			files = (
				C1132C1548FBB1E22B61F036 /* Pods_Moya_laboratory.framework in Frameworks */,
			);
			runOnlyForDeploymentPostprocessing = 0;
		};
/* End PBXFrameworksBuildPhase section */

/* Begin PBXGroup section */
		EB5465EA2758B9DA00B42FAF = {
			isa = PBXGroup;
			children = (
				EB5465F52758B9DA00B42FAF /* Moya-laboratory */,
				EB5465F42758B9DA00B42FAF /* Products */,
				F80CEB7349C4E17354806CD7 /* Pods */,
				EFB1CB504844C6F560B005F1 /* Frameworks */,
			);
			sourceTree = "<group>";
		};
		EB5465F42758B9DA00B42FAF /* Products */ = {
			isa = PBXGroup;
			children = (
				EB5465F32758B9DA00B42FAF /* Moya-laboratory.app */,
			);
			name = Products;
			sourceTree = "<group>";
		};
		EB5465F52758B9DA00B42FAF /* Moya-laboratory */ = {
			isa = PBXGroup;
			children = (
				EB5465F62758B9DA00B42FAF /* AppDelegate.swift */,
				EB5465F82758B9DA00B42FAF /* SceneDelegate.swift */,
				EB5465FA2758B9DA00B42FAF /* ViewController.swift */,
				EB5465FC2758B9DA00B42FAF /* Main.storyboard */,
				EB5465FF2758B9DE00B42FAF /* Assets.xcassets */,
				EB5466012758B9DE00B42FAF /* LaunchScreen.storyboard */,
				EB5466042758B9DE00B42FAF /* Info.plist */,
			);
			path = "Moya-laboratory";
			sourceTree = "<group>";
		};
		EFB1CB504844C6F560B005F1 /* Frameworks */ = {
			isa = PBXGroup;
			children = (
				B70769B0D48F1A6EB68B6A71 /* Pods_Moya_laboratory.framework */,
			);
			name = Frameworks;
			sourceTree = "<group>";
		};
		F80CEB7349C4E17354806CD7 /* Pods */ = {
			isa = PBXGroup;
			children = (
				333C00E88FF02BF5E9651E93 /* Pods-Moya-laboratory.debug.xcconfig */,
				32DAF3268281BCF5232BC630 /* Pods-Moya-laboratory.release.xcconfig */,
			);
			name = Pods;
			path = Pods;
			sourceTree = "<group>";
		};
/* End PBXGroup section */

/* Begin PBXNativeTarget section */
		EB5465F22758B9DA00B42FAF /* Moya-laboratory */ = {
			isa = PBXNativeTarget;
			buildConfigurationList = EB5466072758B9DE00B42FAF /* Build configuration list for PBXNativeTarget "Moya-laboratory" */;
			buildPhases = (
				F69AF127838A3F1069258920 /* [CP] Check Pods Manifest.lock */,
				EB5465EF2758B9DA00B42FAF /* Sources */,
				EB5465F02758B9DA00B42FAF /* Frameworks */,
				EB5465F12758B9DA00B42FAF /* Resources */,
				12C644156FBD91D6D6E189D1 /* [CP] Embed Pods Frameworks */,
			);
			buildRules = (
			);
			dependencies = (
			);
			name = "Moya-laboratory";
			productName = "Moya-laboratory";
			productReference = EB5465F32758B9DA00B42FAF /* Moya-laboratory.app */;
			productType = "com.apple.product-type.application";
		};
/* End PBXNativeTarget section */

/* Begin PBXProject section */
		EB5465EB2758B9DA00B42FAF /* Project object */ = {
			isa = PBXProject;
			attributes = {
				BuildIndependentTargetsInParallel = 1;
				LastSwiftUpdateCheck = 1300;
				LastUpgradeCheck = 1300;
				TargetAttributes = {
					EB5465F22758B9DA00B42FAF = {
						CreatedOnToolsVersion = 13.0;
					};
				};
			};
			buildConfigurationList = EB5465EE2758B9DA00B42FAF /* Build configuration list for PBXProject "Moya-laboratory" */;
			compatibilityVersion = "Xcode 13.0";
			developmentRegion = en;
			hasScannedForEncodings = 0;
			knownRegions = (
				en,
				Base,
			);
			mainGroup = EB5465EA2758B9DA00B42FAF;
			productRefGroup = EB5465F42758B9DA00B42FAF /* Products */;
			projectDirPath = "";
			projectRoot = "";
			targets = (
				EB5465F22758B9DA00B42FAF /* Moya-laboratory */,
			);
		};
/* End PBXProject section */

/* Begin PBXResourcesBuildPhase section */
		EB5465F12758B9DA00B42FAF /* Resources */ = {
			isa = PBXResourcesBuildPhase;
			buildActionMask = 2147483647;
			files = (
				EB5466032758B9DE00B42FAF /* LaunchScreen.storyboard in Resources */,
				EB5466002758B9DE00B42FAF /* Assets.xcassets in Resources */,
				EB5465FE2758B9DA00B42FAF /* Main.storyboard in Resources */,
			);
			runOnlyForDeploymentPostprocessing = 0;
		};
/* End PBXResourcesBuildPhase section */

/* Begin PBXShellScriptBuildPhase section */
		12C644156FBD91D6D6E189D1 /* [CP] Embed Pods Frameworks */ = {
			isa = PBXShellScriptBuildPhase;
			buildActionMask = 2147483647;
			files = (
			);
			inputFileListPaths = (
				"${PODS_ROOT}/Target Support Files/Pods-Moya-laboratory/Pods-Moya-laboratory-frameworks-${CONFIGURATION}-input-files.xcfilelist",
			);
			name = "[CP] Embed Pods Frameworks";
			outputFileListPaths = (
				"${PODS_ROOT}/Target Support Files/Pods-Moya-laboratory/Pods-Moya-laboratory-frameworks-${CONFIGURATION}-output-files.xcfilelist",
			);
			runOnlyForDeploymentPostprocessing = 0;
			shellPath = /bin/sh;
			shellScript = "\"${PODS_ROOT}/Target Support Files/Pods-Moya-laboratory/Pods-Moya-laboratory-frameworks.sh\"\n";
			showEnvVarsInLog = 0;
		};
		F69AF127838A3F1069258920 /* [CP] Check Pods Manifest.lock */ = {
			isa = PBXShellScriptBuildPhase;
			buildActionMask = 2147483647;
			files = (
			);
			inputFileListPaths = (
			);
			inputPaths = (
				"${PODS_PODFILE_DIR_PATH}/Podfile.lock",
				"${PODS_ROOT}/Manifest.lock",
			);
			name = "[CP] Check Pods Manifest.lock";
			outputFileListPaths = (
			);
			outputPaths = (
				"$(DERIVED_FILE_DIR)/Pods-Moya-laboratory-checkManifestLockResult.txt",
			);
			runOnlyForDeploymentPostprocessing = 0;
			shellPath = /bin/sh;
			shellScript = "diff \"${PODS_PODFILE_DIR_PATH}/Podfile.lock\" \"${PODS_ROOT}/Manifest.lock\" > /dev/null\nif [ $? != 0 ] ; then\n    # print error to STDERR\n    echo \"error: The sandbox is not in sync with the Podfile.lock. Run 'pod install' or update your CocoaPods installation.\" >&2\n    exit 1\nfi\n# This output is used by Xcode 'outputs' to avoid re-running this script phase.\necho \"SUCCESS\" > \"${SCRIPT_OUTPUT_FILE_0}\"\n";
			showEnvVarsInLog = 0;
		};
/* End PBXShellScriptBuildPhase section */

/* Begin PBXSourcesBuildPhase section */
		EB5465EF2758B9DA00B42FAF /* Sources */ = {
			isa = PBXSourcesBuildPhase;
			buildActionMask = 2147483647;
			files = (
				EB5465FB2758B9DA00B42FAF /* ViewController.swift in Sources */,
				EB5465F72758B9DA00B42FAF /* AppDelegate.swift in Sources */,
				EB5465F92758B9DA00B42FAF /* SceneDelegate.swift in Sources */,
			);
			runOnlyForDeploymentPostprocessing = 0;
		};
/* End PBXSourcesBuildPhase section */

/* Begin PBXVariantGroup section */
		EB5465FC2758B9DA00B42FAF /* Main.storyboard */ = {
			isa = PBXVariantGroup;
			children = (
				EB5465FD2758B9DA00B42FAF /* Base */,
			);
			name = Main.storyboard;
			sourceTree = "<group>";
		};
		EB5466012758B9DE00B42FAF /* LaunchScreen.storyboard */ = {
			isa = PBXVariantGroup;
			children = (
				EB5466022758B9DE00B42FAF /* Base */,
			);
			name = LaunchScreen.storyboard;
			sourceTree = "<group>";
		};
/* End PBXVariantGroup section */

/* Begin XCBuildConfiguration section */
		EB5466052758B9DE00B42FAF /* Debug */ = {
			isa = XCBuildConfiguration;
			buildSettings = {
				ALWAYS_SEARCH_USER_PATHS = NO;
				CLANG_ANALYZER_NONNULL = YES;
				CLANG_ANALYZER_NUMBER_OBJECT_CONVERSION = YES_AGGRESSIVE;
				CLANG_CXX_LANGUAGE_STANDARD = "gnu++17";
				CLANG_CXX_LIBRARY = "libc++";
				CLANG_ENABLE_MODULES = YES;
				CLANG_ENABLE_OBJC_ARC = YES;
				CLANG_ENABLE_OBJC_WEAK = YES;
				CLANG_WARN_BLOCK_CAPTURE_AUTORELEASING = YES;
				CLANG_WARN_BOOL_CONVERSION = YES;
				CLANG_WARN_COMMA = YES;
				CLANG_WARN_CONSTANT_CONVERSION = YES;
				CLANG_WARN_DEPRECATED_OBJC_IMPLEMENTATIONS = YES;
				CLANG_WARN_DIRECT_OBJC_ISA_USAGE = YES_ERROR;
				CLANG_WARN_DOCUMENTATION_COMMENTS = YES;
				CLANG_WARN_EMPTY_BODY = YES;
				CLANG_WARN_ENUM_CONVERSION = YES;
				CLANG_WARN_INFINITE_RECURSION = YES;
				CLANG_WARN_INT_CONVERSION = YES;
				CLANG_WARN_NON_LITERAL_NULL_CONVERSION = YES;
				CLANG_WARN_OBJC_IMPLICIT_RETAIN_SELF = YES;
				CLANG_WARN_OBJC_LITERAL_CONVERSION = YES;
				CLANG_WARN_OBJC_ROOT_CLASS = YES_ERROR;
				CLANG_WARN_QUOTED_INCLUDE_IN_FRAMEWORK_HEADER = YES;
				CLANG_WARN_RANGE_LOOP_ANALYSIS = YES;
				CLANG_WARN_STRICT_PROTOTYPES = YES;
				CLANG_WARN_SUSPICIOUS_MOVE = YES;
				CLANG_WARN_UNGUARDED_AVAILABILITY = YES_AGGRESSIVE;
				CLANG_WARN_UNREACHABLE_CODE = YES;
				CLANG_WARN__DUPLICATE_METHOD_MATCH = YES;
				COPY_PHASE_STRIP = NO;
				DEBUG_INFORMATION_FORMAT = dwarf;
				ENABLE_STRICT_OBJC_MSGSEND = YES;
				ENABLE_TESTABILITY = YES;
				GCC_C_LANGUAGE_STANDARD = gnu11;
				GCC_DYNAMIC_NO_PIC = NO;
				GCC_NO_COMMON_BLOCKS = YES;
				GCC_OPTIMIZATION_LEVEL = 0;
				GCC_PREPROCESSOR_DEFINITIONS = (
					"DEBUG=1",
					"$(inherited)",
				);
				GCC_WARN_64_TO_32_BIT_CONVERSION = YES;
				GCC_WARN_ABOUT_RETURN_TYPE = YES_ERROR;
				GCC_WARN_UNDECLARED_SELECTOR = YES;
				GCC_WARN_UNINITIALIZED_AUTOS = YES_AGGRESSIVE;
				GCC_WARN_UNUSED_FUNCTION = YES;
				GCC_WARN_UNUSED_VARIABLE = YES;
				IPHONEOS_DEPLOYMENT_TARGET = 15.0;
				MTL_ENABLE_DEBUG_INFO = INCLUDE_SOURCE;
				MTL_FAST_MATH = YES;
				ONLY_ACTIVE_ARCH = YES;
				SDKROOT = iphoneos;
				SWIFT_ACTIVE_COMPILATION_CONDITIONS = DEBUG;
				SWIFT_OPTIMIZATION_LEVEL = "-Onone";
			};
			name = Debug;
		};
		EB5466062758B9DE00B42FAF /* Release */ = {
			isa = XCBuildConfiguration;
			buildSettings = {
				ALWAYS_SEARCH_USER_PATHS = NO;
				CLANG_ANALYZER_NONNULL = YES;
				CLANG_ANALYZER_NUMBER_OBJECT_CONVERSION = YES_AGGRESSIVE;
				CLANG_CXX_LANGUAGE_STANDARD = "gnu++17";
				CLANG_CXX_LIBRARY = "libc++";
				CLANG_ENABLE_MODULES = YES;
				CLANG_ENABLE_OBJC_ARC = YES;
				CLANG_ENABLE_OBJC_WEAK = YES;
				CLANG_WARN_BLOCK_CAPTURE_AUTORELEASING = YES;
				CLANG_WARN_BOOL_CONVERSION = YES;
				CLANG_WARN_COMMA = YES;
				CLANG_WARN_CONSTANT_CONVERSION = YES;
				CLANG_WARN_DEPRECATED_OBJC_IMPLEMENTATIONS = YES;
				CLANG_WARN_DIRECT_OBJC_ISA_USAGE = YES_ERROR;
				CLANG_WARN_DOCUMENTATION_COMMENTS = YES;
				CLANG_WARN_EMPTY_BODY = YES;
				CLANG_WARN_ENUM_CONVERSION = YES;
				CLANG_WARN_INFINITE_RECURSION = YES;
				CLANG_WARN_INT_CONVERSION = YES;
				CLANG_WARN_NON_LITERAL_NULL_CONVERSION = YES;
				CLANG_WARN_OBJC_IMPLICIT_RETAIN_SELF = YES;
				CLANG_WARN_OBJC_LITERAL_CONVERSION = YES;
				CLANG_WARN_OBJC_ROOT_CLASS = YES_ERROR;
				CLANG_WARN_QUOTED_INCLUDE_IN_FRAMEWORK_HEADER = YES;
				CLANG_WARN_RANGE_LOOP_ANALYSIS = YES;
				CLANG_WARN_STRICT_PROTOTYPES = YES;
				CLANG_WARN_SUSPICIOUS_MOVE = YES;
				CLANG_WARN_UNGUARDED_AVAILABILITY = YES_AGGRESSIVE;
				CLANG_WARN_UNREACHABLE_CODE = YES;
				CLANG_WARN__DUPLICATE_METHOD_MATCH = YES;
				COPY_PHASE_STRIP = NO;
				DEBUG_INFORMATION_FORMAT = "dwarf-with-dsym";
				ENABLE_NS_ASSERTIONS = NO;
				ENABLE_STRICT_OBJC_MSGSEND = YES;
				GCC_C_LANGUAGE_STANDARD = gnu11;
				GCC_NO_COMMON_BLOCKS = YES;
				GCC_WARN_64_TO_32_BIT_CONVERSION = YES;
				GCC_WARN_ABOUT_RETURN_TYPE = YES_ERROR;
				GCC_WARN_UNDECLARED_SELECTOR = YES;
				GCC_WARN_UNINITIALIZED_AUTOS = YES_AGGRESSIVE;
				GCC_WARN_UNUSED_FUNCTION = YES;
				GCC_WARN_UNUSED_VARIABLE = YES;
				IPHONEOS_DEPLOYMENT_TARGET = 15.0;
				MTL_ENABLE_DEBUG_INFO = NO;
				MTL_FAST_MATH = YES;
				SDKROOT = iphoneos;
				SWIFT_COMPILATION_MODE = wholemodule;
				SWIFT_OPTIMIZATION_LEVEL = "-O";
				VALIDATE_PRODUCT = YES;
			};
			name = Release;
		};
		EB5466082758B9DE00B42FAF /* Debug */ = {
			isa = XCBuildConfiguration;
			baseConfigurationReference = 333C00E88FF02BF5E9651E93 /* Pods-Moya-laboratory.debug.xcconfig */;
			buildSettings = {
				ASSETCATALOG_COMPILER_APPICON_NAME = AppIcon;
				ASSETCATALOG_COMPILER_GLOBAL_ACCENT_COLOR_NAME = AccentColor;
				CODE_SIGN_STYLE = Automatic;
				CURRENT_PROJECT_VERSION = 1;
				DEVELOPMENT_TEAM = FY8N9XTH66;
				GENERATE_INFOPLIST_FILE = YES;
				INFOPLIST_FILE = "Moya-laboratory/Info.plist";
				INFOPLIST_KEY_UIApplicationSupportsIndirectInputEvents = YES;
				INFOPLIST_KEY_UILaunchStoryboardName = LaunchScreen;
				INFOPLIST_KEY_UIMainStoryboardFile = Main;
				INFOPLIST_KEY_UISupportedInterfaceOrientations_iPad = "UIInterfaceOrientationPortrait UIInterfaceOrientationPortraitUpsideDown UIInterfaceOrientationLandscapeLeft UIInterfaceOrientationLandscapeRight";
				INFOPLIST_KEY_UISupportedInterfaceOrientations_iPhone = "UIInterfaceOrientationPortrait UIInterfaceOrientationLandscapeLeft UIInterfaceOrientationLandscapeRight";
				LD_RUNPATH_SEARCH_PATHS = (
					"$(inherited)",
					"@executable_path/Frameworks",
				);
				MARKETING_VERSION = 1.0;
				PRODUCT_BUNDLE_IDENTIFIER = "com.seolagir.Moya-laboratory";
				PRODUCT_NAME = "$(TARGET_NAME)";
				SWIFT_EMIT_LOC_STRINGS = YES;
				SWIFT_VERSION = 5.0;
				TARGETED_DEVICE_FAMILY = "1,2";
			};
			name = Debug;
		};
		EB5466092758B9DE00B42FAF /* Release */ = {
			isa = XCBuildConfiguration;
			baseConfigurationReference = 32DAF3268281BCF5232BC630 /* Pods-Moya-laboratory.release.xcconfig */;
			buildSettings = {
				ASSETCATALOG_COMPILER_APPICON_NAME = AppIcon;
				ASSETCATALOG_COMPILER_GLOBAL_ACCENT_COLOR_NAME = AccentColor;
				CODE_SIGN_STYLE = Automatic;
				CURRENT_PROJECT_VERSION = 1;
				DEVELOPMENT_TEAM = FY8N9XTH66;
				GENERATE_INFOPLIST_FILE = YES;
				INFOPLIST_FILE = "Moya-laboratory/Info.plist";
				INFOPLIST_KEY_UIApplicationSupportsIndirectInputEvents = YES;
				INFOPLIST_KEY_UILaunchStoryboardName = LaunchScreen;
				INFOPLIST_KEY_UIMainStoryboardFile = Main;
				INFOPLIST_KEY_UISupportedInterfaceOrientations_iPad = "UIInterfaceOrientationPortrait UIInterfaceOrientationPortraitUpsideDown UIInterfaceOrientationLandscapeLeft UIInterfaceOrientationLandscapeRight";
				INFOPLIST_KEY_UISupportedInterfaceOrientations_iPhone = "UIInterfaceOrientationPortrait UIInterfaceOrientationLandscapeLeft UIInterfaceOrientationLandscapeRight";
				LD_RUNPATH_SEARCH_PATHS = (
					"$(inherited)",
					"@executable_path/Frameworks",
				);
				MARKETING_VERSION = 1.0;
				PRODUCT_BUNDLE_IDENTIFIER = "com.seolagir.Moya-laboratory";
				PRODUCT_NAME = "$(TARGET_NAME)";
				SWIFT_EMIT_LOC_STRINGS = YES;
				SWIFT_VERSION = 5.0;
				TARGETED_DEVICE_FAMILY = "1,2";
			};
			name = Release;
		};
/* End XCBuildConfiguration section */

/* Begin XCConfigurationList section */
		EB5465EE2758B9DA00B42FAF /* Build configuration list for PBXProject "Moya-laboratory" */ = {
			isa = XCConfigurationList;
			buildConfigurations = (
				EB5466052758B9DE00B42FAF /* Debug */,
				EB5466062758B9DE00B42FAF /* Release */,
			);
			defaultConfigurationIsVisible = 0;
			defaultConfigurationName = Release;
		};
		EB5466072758B9DE00B42FAF /* Build configuration list for PBXNativeTarget "Moya-laboratory" */ = {
			isa = XCConfigurationList;
			buildConfigurations = (
				EB5466082758B9DE00B42FAF /* Debug */,
				EB5466092758B9DE00B42FAF /* Release */,
			);
			defaultConfigurationIsVisible = 0;
			defaultConfigurationName = Release;
		};
/* End XCConfigurationList section */
	};
	rootObject = EB5465EB2758B9DA00B42FAF /* Project object */;
}
