// !$*UTF8*$!
{
	archiveVersion = 1;
	classes = {
	};
	objectVersion = 56;
	objects = {

/* Begin PBXBuildFile section */
		EB1C24C928E5439C00C46B2F /* ReactiveCoordinator.framework in Frameworks */ = {isa = PBXBuildFile; fileRef = EB1C24C828E5439C00C46B2F /* ReactiveCoordinator.framework */; };
		EB1C24CA28E5439C00C46B2F /* ReactiveCoordinator.framework in Embed Frameworks */ = {isa = PBXBuildFile; fileRef = EB1C24C828E5439C00C46B2F /* ReactiveCoordinator.framework */; settings = {ATTRIBUTES = (CodeSignOnCopy, RemoveHeadersOnCopy, ); }; };
		EB1C24E328E54CFB00C46B2F /* RouterCoordinator.framework in Frameworks */ = {isa = PBXBuildFile; fileRef = EB1C24E228E54CFB00C46B2F /* RouterCoordinator.framework */; };
		EB1C24E428E54CFB00C46B2F /* RouterCoordinator.framework in Embed Frameworks */ = {isa = PBXBuildFile; fileRef = EB1C24E228E54CFB00C46B2F /* RouterCoordinator.framework */; settings = {ATTRIBUTES = (CodeSignOnCopy, RemoveHeadersOnCopy, ); }; };
		EBEC22CF28DE2ECA0011595A /* AppDelegate.swift in Sources */ = {isa = PBXBuildFile; fileRef = EBEC22CE28DE2ECA0011595A /* AppDelegate.swift */; };
		EBEC22D128DE2ECA0011595A /* SceneDelegate.swift in Sources */ = {isa = PBXBuildFile; fileRef = EBEC22D028DE2ECA0011595A /* SceneDelegate.swift */; };
		EBEC22D328DE2ECA0011595A /* ViewController.swift in Sources */ = {isa = PBXBuildFile; fileRef = EBEC22D228DE2ECA0011595A /* ViewController.swift */; };
		EBEC22D628DE2ECA0011595A /* Main.storyboard in Resources */ = {isa = PBXBuildFile; fileRef = EBEC22D428DE2ECA0011595A /* Main.storyboard */; };
		EBEC22D828DE2ECB0011595A /* Assets.xcassets in Resources */ = {isa = PBXBuildFile; fileRef = EBEC22D728DE2ECB0011595A /* Assets.xcassets */; };
		EBEC22DB28DE2ECB0011595A /* LaunchScreen.storyboard in Resources */ = {isa = PBXBuildFile; fileRef = EBEC22D928DE2ECB0011595A /* LaunchScreen.storyboard */; };
		EBEC231F28DE34800011595A /* BasicCoordinator.framework in Frameworks */ = {isa = PBXBuildFile; fileRef = EBEC231E28DE34800011595A /* BasicCoordinator.framework */; };
		EBEC232028DE34800011595A /* BasicCoordinator.framework in Embed Frameworks */ = {isa = PBXBuildFile; fileRef = EBEC231E28DE34800011595A /* BasicCoordinator.framework */; settings = {ATTRIBUTES = (CodeSignOnCopy, RemoveHeadersOnCopy, ); }; };
/* End PBXBuildFile section */

/* Begin PBXCopyFilesBuildPhase section */
		EBEC232128DE34810011595A /* Embed Frameworks */ = {
			isa = PBXCopyFilesBuildPhase;
			buildActionMask = 2147483647;
			dstPath = "";
			dstSubfolderSpec = 10;
			files = (
				EB1C24CA28E5439C00C46B2F /* ReactiveCoordinator.framework in Embed Frameworks */,
				EB1C24E428E54CFB00C46B2F /* RouterCoordinator.framework in Embed Frameworks */,
				EBEC232028DE34800011595A /* BasicCoordinator.framework in Embed Frameworks */,
			);
			name = "Embed Frameworks";
			runOnlyForDeploymentPostprocessing = 0;
		};
/* End PBXCopyFilesBuildPhase section */

/* Begin PBXFileReference section */
		EB1C24C828E5439C00C46B2F /* ReactiveCoordinator.framework */ = {isa = PBXFileReference; explicitFileType = wrapper.framework; path = ReactiveCoordinator.framework; sourceTree = BUILT_PRODUCTS_DIR; };
		EB1C24E228E54CFB00C46B2F /* RouterCoordinator.framework */ = {isa = PBXFileReference; explicitFileType = wrapper.framework; path = RouterCoordinator.framework; sourceTree = BUILT_PRODUCTS_DIR; };
		EBEC22CB28DE2ECA0011595A /* Coordinator.app */ = {isa = PBXFileReference; explicitFileType = wrapper.application; includeInIndex = 0; path = Coordinator.app; sourceTree = BUILT_PRODUCTS_DIR; };
		EBEC22CE28DE2ECA0011595A /* AppDelegate.swift */ = {isa = PBXFileReference; lastKnownFileType = sourcecode.swift; path = AppDelegate.swift; sourceTree = "<group>"; };
		EBEC22D028DE2ECA0011595A /* SceneDelegate.swift */ = {isa = PBXFileReference; lastKnownFileType = sourcecode.swift; path = SceneDelegate.swift; sourceTree = "<group>"; };
		EBEC22D228DE2ECA0011595A /* ViewController.swift */ = {isa = PBXFileReference; lastKnownFileType = sourcecode.swift; path = ViewController.swift; sourceTree = "<group>"; };
		EBEC22D528DE2ECA0011595A /* Base */ = {isa = PBXFileReference; lastKnownFileType = file.storyboard; name = Base; path = Base.lproj/Main.storyboard; sourceTree = "<group>"; };
		EBEC22D728DE2ECB0011595A /* Assets.xcassets */ = {isa = PBXFileReference; lastKnownFileType = folder.assetcatalog; path = Assets.xcassets; sourceTree = "<group>"; };
		EBEC22DA28DE2ECB0011595A /* Base */ = {isa = PBXFileReference; lastKnownFileType = file.storyboard; name = Base; path = Base.lproj/LaunchScreen.storyboard; sourceTree = "<group>"; };
		EBEC22DC28DE2ECB0011595A /* Info.plist */ = {isa = PBXFileReference; lastKnownFileType = text.plist.xml; path = Info.plist; sourceTree = "<group>"; };
		EBEC231E28DE34800011595A /* BasicCoordinator.framework */ = {isa = PBXFileReference; explicitFileType = wrapper.framework; path = BasicCoordinator.framework; sourceTree = BUILT_PRODUCTS_DIR; };
/* End PBXFileReference section */

/* Begin PBXFrameworksBuildPhase section */
		EBEC22C828DE2ECA0011595A /* Frameworks */ = {
			isa = PBXFrameworksBuildPhase;
			buildActionMask = 2147483647;
			files = (
				EB1C24C928E5439C00C46B2F /* ReactiveCoordinator.framework in Frameworks */,
				EB1C24E328E54CFB00C46B2F /* RouterCoordinator.framework in Frameworks */,
				EBEC231F28DE34800011595A /* BasicCoordinator.framework in Frameworks */,
			);
			runOnlyForDeploymentPostprocessing = 0;
		};
/* End PBXFrameworksBuildPhase section */

/* Begin PBXGroup section */
		EBEC22C228DE2ECA0011595A = {
			isa = PBXGroup;
			children = (
				EBEC22CD28DE2ECA0011595A /* Coordinator */,
				EBEC22CC28DE2ECA0011595A /* Products */,
				EBEC231D28DE34800011595A /* Frameworks */,
			);
			sourceTree = "<group>";
		};
		EBEC22CC28DE2ECA0011595A /* Products */ = {
			isa = PBXGroup;
			children = (
				EBEC22CB28DE2ECA0011595A /* Coordinator.app */,
			);
			name = Products;
			sourceTree = "<group>";
		};
		EBEC22CD28DE2ECA0011595A /* Coordinator */ = {
			isa = PBXGroup;
			children = (
				EBEC22CE28DE2ECA0011595A /* AppDelegate.swift */,
				EBEC22D028DE2ECA0011595A /* SceneDelegate.swift */,
				EBEC22D228DE2ECA0011595A /* ViewController.swift */,
				EBEC22D428DE2ECA0011595A /* Main.storyboard */,
				EBEC22D728DE2ECB0011595A /* Assets.xcassets */,
				EBEC22D928DE2ECB0011595A /* LaunchScreen.storyboard */,
				EBEC22DC28DE2ECB0011595A /* Info.plist */,
			);
			path = Coordinator;
			sourceTree = "<group>";
		};
		EBEC231D28DE34800011595A /* Frameworks */ = {
			isa = PBXGroup;
			children = (
				EB1C24E228E54CFB00C46B2F /* RouterCoordinator.framework */,
				EB1C24C828E5439C00C46B2F /* ReactiveCoordinator.framework */,
				EBEC231E28DE34800011595A /* BasicCoordinator.framework */,
			);
			name = Frameworks;
			sourceTree = "<group>";
		};
/* End PBXGroup section */

/* Begin PBXNativeTarget section */
		EBEC22CA28DE2ECA0011595A /* Coordinator */ = {
			isa = PBXNativeTarget;
			buildConfigurationList = EBEC22DF28DE2ECB0011595A /* Build configuration list for PBXNativeTarget "Coordinator" */;
			buildPhases = (
				EBEC22C728DE2ECA0011595A /* Sources */,
				EBEC22C828DE2ECA0011595A /* Frameworks */,
				EBEC22C928DE2ECA0011595A /* Resources */,
				EBEC232128DE34810011595A /* Embed Frameworks */,
			);
			buildRules = (
			);
			dependencies = (
			);
			name = Coordinator;
			productName = Coordinator;
			productReference = EBEC22CB28DE2ECA0011595A /* Coordinator.app */;
			productType = "com.apple.product-type.application";
		};
/* End PBXNativeTarget section */

/* Begin PBXProject section */
		EBEC22C328DE2ECA0011595A /* Project object */ = {
			isa = PBXProject;
			attributes = {
				BuildIndependentTargetsInParallel = 1;
				LastSwiftUpdateCheck = 1400;
				LastUpgradeCheck = 1400;
				TargetAttributes = {
					EBEC22CA28DE2ECA0011595A = {
						CreatedOnToolsVersion = 14.0;
					};
				};
			};
			buildConfigurationList = EBEC22C628DE2ECA0011595A /* Build configuration list for PBXProject "Coordinator" */;
			compatibilityVersion = "Xcode 14.0";
			developmentRegion = en;
			hasScannedForEncodings = 0;
			knownRegions = (
				en,
				Base,
			);
			mainGroup = EBEC22C228DE2ECA0011595A;
			productRefGroup = EBEC22CC28DE2ECA0011595A /* Products */;
			projectDirPath = "";
			projectRoot = "";
			targets = (
				EBEC22CA28DE2ECA0011595A /* Coordinator */,
			);
		};
/* End PBXProject section */

/* Begin PBXResourcesBuildPhase section */
		EBEC22C928DE2ECA0011595A /* Resources */ = {
			isa = PBXResourcesBuildPhase;
			buildActionMask = 2147483647;
			files = (
				EBEC22DB28DE2ECB0011595A /* LaunchScreen.storyboard in Resources */,
				EBEC22D828DE2ECB0011595A /* Assets.xcassets in Resources */,
				EBEC22D628DE2ECA0011595A /* Main.storyboard in Resources */,
			);
			runOnlyForDeploymentPostprocessing = 0;
		};
/* End PBXResourcesBuildPhase section */

/* Begin PBXSourcesBuildPhase section */
		EBEC22C728DE2ECA0011595A /* Sources */ = {
			isa = PBXSourcesBuildPhase;
			buildActionMask = 2147483647;
			files = (
				EBEC22D328DE2ECA0011595A /* ViewController.swift in Sources */,
				EBEC22CF28DE2ECA0011595A /* AppDelegate.swift in Sources */,
				EBEC22D128DE2ECA0011595A /* SceneDelegate.swift in Sources */,
			);
			runOnlyForDeploymentPostprocessing = 0;
		};
/* End PBXSourcesBuildPhase section */

/* Begin PBXVariantGroup section */
		EBEC22D428DE2ECA0011595A /* Main.storyboard */ = {
			isa = PBXVariantGroup;
			children = (
				EBEC22D528DE2ECA0011595A /* Base */,
			);
			name = Main.storyboard;
			sourceTree = "<group>";
		};
		EBEC22D928DE2ECB0011595A /* LaunchScreen.storyboard */ = {
			isa = PBXVariantGroup;
			children = (
				EBEC22DA28DE2ECB0011595A /* Base */,
			);
			name = LaunchScreen.storyboard;
			sourceTree = "<group>";
		};
/* End PBXVariantGroup section */

/* Begin XCBuildConfiguration section */
		EBEC22DD28DE2ECB0011595A /* Debug */ = {
			isa = XCBuildConfiguration;
			buildSettings = {
				ALWAYS_SEARCH_USER_PATHS = NO;
				CLANG_ANALYZER_NONNULL = YES;
				CLANG_ANALYZER_NUMBER_OBJECT_CONVERSION = YES_AGGRESSIVE;
				CLANG_CXX_LANGUAGE_STANDARD = "gnu++20";
				CLANG_ENABLE_MODULES = YES;
				CLANG_ENABLE_OBJC_ARC = YES;
				CLANG_ENABLE_OBJC_WEAK = YES;
				CLANG_WARN_BLOCK_CAPTURE_AUTORELEASING = YES;
				CLANG_WARN_BOOL_CONVERSION = YES;
				CLANG_WARN_COMMA = YES;
				CLANG_WARN_CONSTANT_CONVERSION = YES;
				CLANG_WARN_DEPRECATED_OBJC_IMPLEMENTATIONS = YES;
				CLANG_WARN_DIRECT_OBJC_ISA_USAGE = YES_ERROR;
				CLANG_WARN_DOCUMENTATION_COMMENTS = YES;
				CLANG_WARN_EMPTY_BODY = YES;
				CLANG_WARN_ENUM_CONVERSION = YES;
				CLANG_WARN_INFINITE_RECURSION = YES;
				CLANG_WARN_INT_CONVERSION = YES;
				CLANG_WARN_NON_LITERAL_NULL_CONVERSION = YES;
				CLANG_WARN_OBJC_IMPLICIT_RETAIN_SELF = YES;
				CLANG_WARN_OBJC_LITERAL_CONVERSION = YES;
				CLANG_WARN_OBJC_ROOT_CLASS = YES_ERROR;
				CLANG_WARN_QUOTED_INCLUDE_IN_FRAMEWORK_HEADER = YES;
				CLANG_WARN_RANGE_LOOP_ANALYSIS = YES;
				CLANG_WARN_STRICT_PROTOTYPES = YES;
				CLANG_WARN_SUSPICIOUS_MOVE = YES;
				CLANG_WARN_UNGUARDED_AVAILABILITY = YES_AGGRESSIVE;
				CLANG_WARN_UNREACHABLE_CODE = YES;
				CLANG_WARN__DUPLICATE_METHOD_MATCH = YES;
				COPY_PHASE_STRIP = NO;
				DEBUG_INFORMATION_FORMAT = dwarf;
				ENABLE_STRICT_OBJC_MSGSEND = YES;
				ENABLE_TESTABILITY = YES;
				GCC_C_LANGUAGE_STANDARD = gnu11;
				GCC_DYNAMIC_NO_PIC = NO;
				GCC_NO_COMMON_BLOCKS = YES;
				GCC_OPTIMIZATION_LEVEL = 0;
				GCC_PREPROCESSOR_DEFINITIONS = (
					"DEBUG=1",
					"$(inherited)",
				);
				GCC_WARN_64_TO_32_BIT_CONVERSION = YES;
				GCC_WARN_ABOUT_RETURN_TYPE = YES_ERROR;
				GCC_WARN_UNDECLARED_SELECTOR = YES;
				GCC_WARN_UNINITIALIZED_AUTOS = YES_AGGRESSIVE;
				GCC_WARN_UNUSED_FUNCTION = YES;
				GCC_WARN_UNUSED_VARIABLE = YES;
				IPHONEOS_DEPLOYMENT_TARGET = 16.0;
				MTL_ENABLE_DEBUG_INFO = INCLUDE_SOURCE;
				MTL_FAST_MATH = YES;
				ONLY_ACTIVE_ARCH = YES;
				SDKROOT = iphoneos;
				SWIFT_ACTIVE_COMPILATION_CONDITIONS = DEBUG;
				SWIFT_OPTIMIZATION_LEVEL = "-Onone";
			};
			name = Debug;
		};
		EBEC22DE28DE2ECB0011595A /* Release */ = {
			isa = XCBuildConfiguration;
			buildSettings = {
				ALWAYS_SEARCH_USER_PATHS = NO;
				CLANG_ANALYZER_NONNULL = YES;
				CLANG_ANALYZER_NUMBER_OBJECT_CONVERSION = YES_AGGRESSIVE;
				CLANG_CXX_LANGUAGE_STANDARD = "gnu++20";
				CLANG_ENABLE_MODULES = YES;
				CLANG_ENABLE_OBJC_ARC = YES;
				CLANG_ENABLE_OBJC_WEAK = YES;
				CLANG_WARN_BLOCK_CAPTURE_AUTORELEASING = YES;
				CLANG_WARN_BOOL_CONVERSION = YES;
				CLANG_WARN_COMMA = YES;
				CLANG_WARN_CONSTANT_CONVERSION = YES;
				CLANG_WARN_DEPRECATED_OBJC_IMPLEMENTATIONS = YES;
				CLANG_WARN_DIRECT_OBJC_ISA_USAGE = YES_ERROR;
				CLANG_WARN_DOCUMENTATION_COMMENTS = YES;
				CLANG_WARN_EMPTY_BODY = YES;
				CLANG_WARN_ENUM_CONVERSION = YES;
				CLANG_WARN_INFINITE_RECURSION = YES;
				CLANG_WARN_INT_CONVERSION = YES;
				CLANG_WARN_NON_LITERAL_NULL_CONVERSION = YES;
				CLANG_WARN_OBJC_IMPLICIT_RETAIN_SELF = YES;
				CLANG_WARN_OBJC_LITERAL_CONVERSION = YES;
				CLANG_WARN_OBJC_ROOT_CLASS = YES_ERROR;
				CLANG_WARN_QUOTED_INCLUDE_IN_FRAMEWORK_HEADER = YES;
				CLANG_WARN_RANGE_LOOP_ANALYSIS = YES;
				CLANG_WARN_STRICT_PROTOTYPES = YES;
				CLANG_WARN_SUSPICIOUS_MOVE = YES;
				CLANG_WARN_UNGUARDED_AVAILABILITY = YES_AGGRESSIVE;
				CLANG_WARN_UNREACHABLE_CODE = YES;
				CLANG_WARN__DUPLICATE_METHOD_MATCH = YES;
				COPY_PHASE_STRIP = NO;
				DEBUG_INFORMATION_FORMAT = "dwarf-with-dsym";
				ENABLE_NS_ASSERTIONS = NO;
				ENABLE_STRICT_OBJC_MSGSEND = YES;
				GCC_C_LANGUAGE_STANDARD = gnu11;
				GCC_NO_COMMON_BLOCKS = YES;
				GCC_WARN_64_TO_32_BIT_CONVERSION = YES;
				GCC_WARN_ABOUT_RETURN_TYPE = YES_ERROR;
				GCC_WARN_UNDECLARED_SELECTOR = YES;
				GCC_WARN_UNINITIALIZED_AUTOS = YES_AGGRESSIVE;
				GCC_WARN_UNUSED_FUNCTION = YES;
				GCC_WARN_UNUSED_VARIABLE = YES;
				IPHONEOS_DEPLOYMENT_TARGET = 16.0;
				MTL_ENABLE_DEBUG_INFO = NO;
				MTL_FAST_MATH = YES;
				SDKROOT = iphoneos;
				SWIFT_COMPILATION_MODE = wholemodule;
				SWIFT_OPTIMIZATION_LEVEL = "-O";
				VALIDATE_PRODUCT = YES;
			};
			name = Release;
		};
		EBEC22E028DE2ECB0011595A /* Debug */ = {
			isa = XCBuildConfiguration;
			buildSettings = {
				ASSETCATALOG_COMPILER_APPICON_NAME = AppIcon;
				ASSETCATALOG_COMPILER_GLOBAL_ACCENT_COLOR_NAME = AccentColor;
				CODE_SIGN_STYLE = Automatic;
				CURRENT_PROJECT_VERSION = 1;
				DEVELOPMENT_TEAM = FY8N9XTH66;
				GENERATE_INFOPLIST_FILE = YES;
				INFOPLIST_FILE = Coordinator/Info.plist;
				INFOPLIST_KEY_UIApplicationSupportsIndirectInputEvents = YES;
				INFOPLIST_KEY_UILaunchStoryboardName = LaunchScreen;
				INFOPLIST_KEY_UIMainStoryboardFile = Main;
				INFOPLIST_KEY_UISupportedInterfaceOrientations_iPad = "UIInterfaceOrientationPortrait UIInterfaceOrientationPortraitUpsideDown UIInterfaceOrientationLandscapeLeft UIInterfaceOrientationLandscapeRight";
				INFOPLIST_KEY_UISupportedInterfaceOrientations_iPhone = "UIInterfaceOrientationPortrait UIInterfaceOrientationLandscapeLeft UIInterfaceOrientationLandscapeRight";
				LD_RUNPATH_SEARCH_PATHS = (
					"$(inherited)",
					"@executable_path/Frameworks",
				);
				MARKETING_VERSION = 1.0;
				PRODUCT_BUNDLE_IDENTIFIER = com.seolagir.Coordinator;
				PRODUCT_NAME = "$(TARGET_NAME)";
				SWIFT_EMIT_LOC_STRINGS = YES;
				SWIFT_VERSION = 5.0;
				TARGETED_DEVICE_FAMILY = "1,2";
			};
			name = Debug;
		};
		EBEC22E128DE2ECB0011595A /* Release */ = {
			isa = XCBuildConfiguration;
			buildSettings = {
				ASSETCATALOG_COMPILER_APPICON_NAME = AppIcon;
				ASSETCATALOG_COMPILER_GLOBAL_ACCENT_COLOR_NAME = AccentColor;
				CODE_SIGN_STYLE = Automatic;
				CURRENT_PROJECT_VERSION = 1;
				DEVELOPMENT_TEAM = FY8N9XTH66;
				GENERATE_INFOPLIST_FILE = YES;
				INFOPLIST_FILE = Coordinator/Info.plist;
				INFOPLIST_KEY_UIApplicationSupportsIndirectInputEvents = YES;
				INFOPLIST_KEY_UILaunchStoryboardName = LaunchScreen;
				INFOPLIST_KEY_UIMainStoryboardFile = Main;
				INFOPLIST_KEY_UISupportedInterfaceOrientations_iPad = "UIInterfaceOrientationPortrait UIInterfaceOrientationPortraitUpsideDown UIInterfaceOrientationLandscapeLeft UIInterfaceOrientationLandscapeRight";
				INFOPLIST_KEY_UISupportedInterfaceOrientations_iPhone = "UIInterfaceOrientationPortrait UIInterfaceOrientationLandscapeLeft UIInterfaceOrientationLandscapeRight";
				LD_RUNPATH_SEARCH_PATHS = (
					"$(inherited)",
					"@executable_path/Frameworks",
				);
				MARKETING_VERSION = 1.0;
				PRODUCT_BUNDLE_IDENTIFIER = com.seolagir.Coordinator;
				PRODUCT_NAME = "$(TARGET_NAME)";
				SWIFT_EMIT_LOC_STRINGS = YES;
				SWIFT_VERSION = 5.0;
				TARGETED_DEVICE_FAMILY = "1,2";
			};
			name = Release;
		};
/* End XCBuildConfiguration section */

/* Begin XCConfigurationList section */
		EBEC22C628DE2ECA0011595A /* Build configuration list for PBXProject "Coordinator" */ = {
			isa = XCConfigurationList;
			buildConfigurations = (
				EBEC22DD28DE2ECB0011595A /* Debug */,
				EBEC22DE28DE2ECB0011595A /* Release */,
			);
			defaultConfigurationIsVisible = 0;
			defaultConfigurationName = Release;
		};
		EBEC22DF28DE2ECB0011595A /* Build configuration list for PBXNativeTarget "Coordinator" */ = {
			isa = XCConfigurationList;
			buildConfigurations = (
				EBEC22E028DE2ECB0011595A /* Debug */,
				EBEC22E128DE2ECB0011595A /* Release */,
			);
			defaultConfigurationIsVisible = 0;
			defaultConfigurationName = Release;
		};
/* End XCConfigurationList section */
	};
	rootObject = EBEC22C328DE2ECA0011595A /* Project object */;
}
